
Microsoft Visual Studio Solution File, Format Version 12.00
# Visual Studio Version 16
VisualStudioVersion = 16.0.32413.511
MinimumVisualStudioVersion = 10.0.40219.1
Project("{F184B08F-C81C-45F6-A57F-5ABD9991F28F}") = "TestSite", "TestSite\TestSite.vbproj", "{300C5F68-9FDE-40C2-8BA4-38F10CB0C472}"
EndProject
Project("{FAE04EC0-301F-11D3-BF4B-00C04F79EFBC}") = "AHELibrary", "AHELibrary\AHELibrary.csproj", "{5EBDE6A5-3421-43AE-A620-74DA73E5ACB6}"
EndProject
Global
	GlobalSection(SolutionConfigurationPlatforms) = preSolution
		Debug|Any CPU = Debug|Any CPU
		Release|Any CPU = Release|Any CPU
	EndGlobalSection
	GlobalSection(ProjectConfigurationPlatforms) = postSolution
		{300C5F68-9FDE-40C2-8BA4-38F10CB0C472}.Debug|Any CPU.ActiveCfg = Debug|Any CPU
		{300C5F68-9FDE-40C2-8BA4-38F10CB0C472}.Debug|Any CPU.Build.0 = Debug|Any CPU
		{300C5F68-9FDE-40C2-8BA4-38F10CB0C472}.Release|Any CPU.ActiveCfg = Release|Any CPU
		{300C5F68-9FDE-40C2-8BA4-38F10CB0C472}.Release|Any CPU.Build.0 = Release|Any CPU
		{5EBDE6A5-3421-43AE-A620-74DA73E5ACB6}.Debug|Any CPU.ActiveCfg = Debug|Any CPU
		{5EBDE6A5-3421-43AE-A620-74DA73E5ACB6}.Debug|Any CPU.Build.0 = Debug|Any CPU
		{5EBDE6A5-3421-43AE-A620-74DA73E5ACB6}.Release|Any CPU.ActiveCfg = Release|Any CPU
		{5EBDE6A5-3421-43AE-A620-74DA73E5ACB6}.Release|Any CPU.Build.0 = Release|Any CPU
	EndGlobalSection
	GlobalSection(SolutionProperties) = preSolution
		HideSolutionNode = FALSE
	EndGlobalSection
	GlobalSection(ExtensibilityGlobals) = postSolution
		SolutionGuid = {21734CE8-EECA-4B41-AA27-6BCD2FD63DEF}
	EndGlobalSection
EndGlobal
